
Microsoft Visual Studio Solution File, Format Version 12.00
# Visual Studio Version 16
VisualStudioVersion = 16.0.30907.101
MinimumVisualStudioVersion = 10.0.40219.1
Project("{9A19103F-16F7-4668-BE54-9A1E7A4F7556}") = "JiraWorklogsApp.WEB.Api", "JiraWorklogsApp.WEB.Api\JiraWorklogsApp.WEB.Api.csproj", "{9EA508BE-110D-4510-A872-C42BC8703860}"
EndProject
Project("{9A19103F-16F7-4668-BE54-9A1E7A4F7556}") = "JiraWorklogsApp.BLL.IServices", "JiraWorklogsApp.BLL.IServices\JiraWorklogsApp.BLL.IServices.csproj", "{8ECCC344-2876-445C-B0AC-BCF12CBB82F4}"
EndProject
Project("{9A19103F-16F7-4668-BE54-9A1E7A4F7556}") = "JiraWorklogsApp.BLL.Services", "JiraWorklogsApp.BLL.Services\JiraWorklogsApp.BLL.Services.csproj", "{F5D65854-B892-4F67-997E-F0E531E0C522}"
EndProject
Project("{9A19103F-16F7-4668-BE54-9A1E7A4F7556}") = "JiraWorklogsApp.Common", "JiraWorklogsApp.Common\JiraWorklogsApp.Common.csproj", "{40A1A3A9-77A3-402C-A3BF-EEFC3FF83745}"
EndProject
Project("{9A19103F-16F7-4668-BE54-9A1E7A4F7556}") = "JiraWorklogsApp.DAL.Entities", "JiraWorklogsApp.DAL.Entities\JiraWorklogsApp.DAL.Entities.csproj", "{8E0F9B81-15D7-4B9A-8708-79C88CECFCA1}"
EndProject
Project("{9A19103F-16F7-4668-BE54-9A1E7A4F7556}") = "JiraWorklogsApp.DAL.Persistance", "JiraWorklogsApp.DAL.Persistance\JiraWorklogsApp.DAL.Persistance.csproj", "{882CE8F7-F77E-493A-A424-B6CD79B459E8}"
EndProject
Global
	GlobalSection(SolutionConfigurationPlatforms) = preSolution
		Debug|Any CPU = Debug|Any CPU
		Release|Any CPU = Release|Any CPU
	EndGlobalSection
	GlobalSection(ProjectConfigurationPlatforms) = postSolution
		{9EA508BE-110D-4510-A872-C42BC8703860}.Debug|Any CPU.ActiveCfg = Debug|Any CPU
		{9EA508BE-110D-4510-A872-C42BC8703860}.Debug|Any CPU.Build.0 = Debug|Any CPU
		{9EA508BE-110D-4510-A872-C42BC8703860}.Release|Any CPU.ActiveCfg = Release|Any CPU
		{9EA508BE-110D-4510-A872-C42BC8703860}.Release|Any CPU.Build.0 = Release|Any CPU
		{8ECCC344-2876-445C-B0AC-BCF12CBB82F4}.Debug|Any CPU.ActiveCfg = Debug|Any CPU
		{8ECCC344-2876-445C-B0AC-BCF12CBB82F4}.Debug|Any CPU.Build.0 = Debug|Any CPU
		{8ECCC344-2876-445C-B0AC-BCF12CBB82F4}.Release|Any CPU.ActiveCfg = Release|Any CPU
		{8ECCC344-2876-445C-B0AC-BCF12CBB82F4}.Release|Any CPU.Build.0 = Release|Any CPU
		{F5D65854-B892-4F67-997E-F0E531E0C522}.Debug|Any CPU.ActiveCfg = Debug|Any CPU
		{F5D65854-B892-4F67-997E-F0E531E0C522}.Debug|Any CPU.Build.0 = Debug|Any CPU
		{F5D65854-B892-4F67-997E-F0E531E0C522}.Release|Any CPU.ActiveCfg = Release|Any CPU
		{F5D65854-B892-4F67-997E-F0E531E0C522}.Release|Any CPU.Build.0 = Release|Any CPU
		{40A1A3A9-77A3-402C-A3BF-EEFC3FF83745}.Debug|Any CPU.ActiveCfg = Debug|Any CPU
		{40A1A3A9-77A3-402C-A3BF-EEFC3FF83745}.Debug|Any CPU.Build.0 = Debug|Any CPU
		{40A1A3A9-77A3-402C-A3BF-EEFC3FF83745}.Release|Any CPU.ActiveCfg = Release|Any CPU
		{40A1A3A9-77A3-402C-A3BF-EEFC3FF83745}.Release|Any CPU.Build.0 = Release|Any CPU
		{8E0F9B81-15D7-4B9A-8708-79C88CECFCA1}.Debug|Any CPU.ActiveCfg = Debug|Any CPU
		{8E0F9B81-15D7-4B9A-8708-79C88CECFCA1}.Debug|Any CPU.Build.0 = Debug|Any CPU
		{8E0F9B81-15D7-4B9A-8708-79C88CECFCA1}.Release|Any CPU.ActiveCfg = Release|Any CPU
		{8E0F9B81-15D7-4B9A-8708-79C88CECFCA1}.Release|Any CPU.Build.0 = Release|Any CPU
		{882CE8F7-F77E-493A-A424-B6CD79B459E8}.Debug|Any CPU.ActiveCfg = Debug|Any CPU
		{882CE8F7-F77E-493A-A424-B6CD79B459E8}.Debug|Any CPU.Build.0 = Debug|Any CPU
		{882CE8F7-F77E-493A-A424-B6CD79B459E8}.Release|Any CPU.ActiveCfg = Release|Any CPU
		{882CE8F7-F77E-493A-A424-B6CD79B459E8}.Release|Any CPU.Build.0 = Release|Any CPU
	EndGlobalSection
	GlobalSection(SolutionProperties) = preSolution
		HideSolutionNode = FALSE
	EndGlobalSection
	GlobalSection(ExtensibilityGlobals) = postSolution
		SolutionGuid = {F67DDA60-5D0F-4254-B07C-49FFF30C7480}
	EndGlobalSection
EndGlobal
